
Microsoft Visual Studio Solution File, Format Version 12.00
# Visual Studio Version 16
VisualStudioVersion = 16.0.31624.102
MinimumVisualStudioVersion = 10.0.40219.1
Project("{FAE04EC0-301F-11D3-BF4B-00C04F79EFBC}") = "WPFTimer", "WPFTimer\WPFTimer.csproj", "{F4F24365-22BB-4CD8-9370-DC862B2D8BCA}"
EndProject
Global
	GlobalSection(SolutionConfigurationPlatforms) = preSolution
		Debug|Any CPU = Debug|Any CPU
		Release|Any CPU = Release|Any CPU
	EndGlobalSection
	GlobalSection(ProjectConfigurationPlatforms) = postSolution
		{F4F24365-22BB-4CD8-9370-DC862B2D8BCA}.Debug|Any CPU.ActiveCfg = Debug|Any CPU
		{F4F24365-22BB-4CD8-9370-DC862B2D8BCA}.Debug|Any CPU.Build.0 = Debug|Any CPU
		{F4F24365-22BB-4CD8-9370-DC862B2D8BCA}.Release|Any CPU.ActiveCfg = Release|Any CPU
		{F4F24365-22BB-4CD8-9370-DC862B2D8BCA}.Release|Any CPU.Build.0 = Release|Any CPU
	EndGlobalSection
	GlobalSection(SolutionProperties) = preSolution
		HideSolutionNode = FALSE
	EndGlobalSection
	GlobalSection(ExtensibilityGlobals) = postSolution
		SolutionGuid = {AE76D2EC-C451-4B35-B620-E254A6A7B644}
	EndGlobalSection
EndGlobal
